Microsoft Visual Studio Solution File, Format Version 12.00
# Visual Studio Version 16
VisualStudioVersion = 16.0.31005.135
MinimumVisualStudioVersion = 10.0.40219.1
Project("{2150E333-8FDC-42A3-9474-1A3956D46DE8}") = "AuthenticationService", "AuthenticationService", "{6D2B06DB-B5C7-4148-932C-13C1329E05E6}"
EndProject
Project("{9A19103F-16F7-4668-BE54-9A1E7A4F7556}") = "AuthenticationService", "AuthenticationService\Canvas.AuthenticationService\AuthenticationService.csproj", "{83ABEA36-0A86-44F0-9D5A-6935D02CC452}"
EndProject
Global
	GlobalSection(SolutionConfigurationPlatforms) = preSolution
		Debug|Any CPU = Debug|Any CPU
		Release|Any CPU = Release|Any CPU
	EndGlobalSection
	GlobalSection(ProjectConfigurationPlatforms) = postSolution
		{83ABEA36-0A86-44F0-9D5A-6935D02CC452}.Debug|Any CPU.ActiveCfg = Debug|Any CPU
		{83ABEA36-0A86-44F0-9D5A-6935D02CC452}.Debug|Any CPU.Build.0 = Debug|Any CPU
		{83ABEA36-0A86-44F0-9D5A-6935D02CC452}.Release|Any CPU.ActiveCfg = Release|Any CPU
		{83ABEA36-0A86-44F0-9D5A-6935D02CC452}.Release|Any CPU.Build.0 = Release|Any CPU
	EndGlobalSection
	GlobalSection(SolutionProperties) = preSolution
		HideSolutionNode = FALSE
	EndGlobalSection
	GlobalSection(NestedProjects) = preSolution
		{83ABEA36-0A86-44F0-9D5A-6935D02CC452} = {6D2B06DB-B5C7-4148-932C-13C1329E05E6}
	EndGlobalSection
	GlobalSection(ExtensibilityGlobals) = postSolution
		SolutionGuid = {07690B4A-A8C4-4EA5-8F83-6C4646B0C632}
	EndGlobalSection
EndGlobal
